// !$*UTF8*$!
{
	archiveVersion = 1;
	classes = {
	};
	objectVersion = 54;
	objects = {

/* Begin PBXBuildFile section */
		09B5F63216043DA4C9DFD31F /* Assets.xcassets in Resources */ = {isa = PBXBuildFile; fileRef = 943F9CD39F2839BA707B2365 /* Assets.xcassets */; };
		0F14928CFAE8D2675177871D /* My-Extensions.swift in Sources */ = {isa = PBXBuildFile; fileRef = AE4E9F762B5BA7EC1BCB9B6E /* My-Extensions.swift */; };
		1588F843D2DF78D638FDE0D2 /* Main.storyboard in Resources */ = {isa = PBXBuildFile; fileRef = EB3D41ECBE18D60B58C59F41 /* Main.storyboard */; };
		15CF29876932C64F7B084FC5 /* SpotifyiOS.xcframework in Embed Frameworks */ = {isa = PBXBuildFile; fileRef = D355AF5102BD2612701FDD76 /* SpotifyiOS.xcframework */; settings = {ATTRIBUTES = (CodeSignOnCopy, RemoveHeadersOnCopy, ); }; };
		33805C1679456CC49E7A8DAB /* LaunchScreen.storyboard in Resources */ = {isa = PBXBuildFile; fileRef = 56EB15E0A925FF93106A0AD7 /* LaunchScreen.storyboard */; };
		6AF569070B746ACB98B15D40 /* ViewController.swift in Sources */ = {isa = PBXBuildFile; fileRef = FBD271FA06B37AC5E4FE21A6 /* ViewController.swift */; };
		73E1A91BCC472B637B58EC07 /* ContentItemCell.swift in Sources */ = {isa = PBXBuildFile; fileRef = 0544C6B1D1764990F54682F2 /* ContentItemCell.swift */; };
		7AA5F6425AC3B7D559251911 /* SpotifyiOS.xcframework in Frameworks */ = {isa = PBXBuildFile; fileRef = D355AF5102BD2612701FDD76 /* SpotifyiOS.xcframework */; };
		97DE5DD179993A740295A40F /* SceneDelegate.swift in Sources */ = {isa = PBXBuildFile; fileRef = C265CC98774B01E3B973EC7F /* SceneDelegate.swift */; };
		9827B1FF244E6324559A6EA4 /* SpeedPickerViewController.swift in Sources */ = {isa = PBXBuildFile; fileRef = 1570B1956F86C0FD67EC3C94 /* SpeedPickerViewController.swift */; };
		9D28E985CF200EB2B83EB73C /* ConnectionStatusIndicatorView.swift in Sources */ = {isa = PBXBuildFile; fileRef = BAB70440B8C04FEC0AE2CED6 /* ConnectionStatusIndicatorView.swift */; };
		A226C3ADB7D5A4FCECE7511D /* PlaybackButtonGraphics.swift in Sources */ = {isa = PBXBuildFile; fileRef = 75022A141A59AC145AAEED18 /* PlaybackButtonGraphics.swift */; };
		A23ED279FD34913E636E6F44 /* AppDelegate.swift in Sources */ = {isa = PBXBuildFile; fileRef = 3C5FC21B6E00E28A06E27DE6 /* AppDelegate.swift */; };
		A3282C1BE2C8BF6BD1C6591D /* ContentCollectionViewController.swift in Sources */ = {isa = PBXBuildFile; fileRef = 179308437826F759C1976E73 /* ContentCollectionViewController.swift */; };
/* End PBXBuildFile section */

/* Begin PBXCopyFilesBuildPhase section */
		8EC849AD51529C914A5C0F8D /* Embed Frameworks */ = {
			isa = PBXCopyFilesBuildPhase;
			buildActionMask = 2147483647;
			dstPath = "";
			dstSubfolderSpec = 10;
			files = (
				15CF29876932C64F7B084FC5 /* SpotifyiOS.xcframework in Embed Frameworks */,
			);
			name = "Embed Frameworks";
			runOnlyForDeploymentPostprocessing = 0;
		};
/* End PBXCopyFilesBuildPhase section */

/* Begin PBXFileReference section */
		0544C6B1D1764990F54682F2 /* ContentItemCell.swift */ = {isa = PBXFileReference; lastKnownFileType = sourcecode.swift; path = ContentItemCell.swift; sourceTree = "<group>"; };
		1570B1956F86C0FD67EC3C94 /* SpeedPickerViewController.swift */ = {isa = PBXFileReference; lastKnownFileType = sourcecode.swift; path = SpeedPickerViewController.swift; sourceTree = "<group>"; };
		179308437826F759C1976E73 /* ContentCollectionViewController.swift */ = {isa = PBXFileReference; lastKnownFileType = sourcecode.swift; path = ContentCollectionViewController.swift; sourceTree = "<group>"; };
		252C7DE24306CDE0CA9E539E /* Info.plist */ = {isa = PBXFileReference; lastKnownFileType = text.plist; path = Info.plist; sourceTree = "<group>"; };
		2A3086BCA89A4379B3A2CF79 /* host.entitlements */ = {isa = PBXFileReference; lastKnownFileType = text.plist.entitlements; path = host.entitlements; sourceTree = "<group>"; };
		2A60A82594D90E38A5C94923 /* README.md */ = {isa = PBXFileReference; lastKnownFileType = net.daringfireball.markdown; path = README.md; sourceTree = "<group>"; };
		3C5FC21B6E00E28A06E27DE6 /* AppDelegate.swift */ = {isa = PBXFileReference; lastKnownFileType = sourcecode.swift; path = AppDelegate.swift; sourceTree = "<group>"; };
		75022A141A59AC145AAEED18 /* PlaybackButtonGraphics.swift */ = {isa = PBXFileReference; lastKnownFileType = sourcecode.swift; path = PlaybackButtonGraphics.swift; sourceTree = "<group>"; };
		943F9CD39F2839BA707B2365 /* Assets.xcassets */ = {isa = PBXFileReference; lastKnownFileType = folder.assetcatalog; path = Assets.xcassets; sourceTree = "<group>"; };
		AAA2E0EE42C2E146FC511077 /* Base */ = {isa = PBXFileReference; lastKnownFileType = file.storyboard; name = Base; path = Base.lproj/Main.storyboard; sourceTree = "<group>"; };
		AE4E9F762B5BA7EC1BCB9B6E /* My-Extensions.swift */ = {isa = PBXFileReference; lastKnownFileType = sourcecode.swift; path = "My-Extensions.swift"; sourceTree = "<group>"; };
		B09AF4864600C68BF3ADE00B /* Base */ = {isa = PBXFileReference; lastKnownFileType = file.storyboard; name = Base; path = Base.lproj/LaunchScreen.storyboard; sourceTree = "<group>"; };
		BAB70440B8C04FEC0AE2CED6 /* ConnectionStatusIndicatorView.swift */ = {isa = PBXFileReference; lastKnownFileType = sourcecode.swift; path = ConnectionStatusIndicatorView.swift; sourceTree = "<group>"; };
		C265CC98774B01E3B973EC7F /* SceneDelegate.swift */ = {isa = PBXFileReference; lastKnownFileType = sourcecode.swift; path = SceneDelegate.swift; sourceTree = "<group>"; };
		D355AF5102BD2612701FDD76 /* SpotifyiOS.xcframework */ = {isa = PBXFileReference; lastKnownFileType = wrapper.xcframework; name = SpotifyiOS.xcframework; path = ../../SpotifyiOS.xcframework; sourceTree = "<group>"; };
		FBD271FA06B37AC5E4FE21A6 /* ViewController.swift */ = {isa = PBXFileReference; lastKnownFileType = sourcecode.swift; path = ViewController.swift; sourceTree = "<group>"; };
		FDFB50C3F533DEFFA619B5DC /* NowPlayingView.app */ = {isa = PBXFileReference; includeInIndex = 0; lastKnownFileType = wrapper.application; path = NowPlayingView.app; sourceTree = BUILT_PRODUCTS_DIR; };
/* End PBXFileReference section */

/* Begin PBXFrameworksBuildPhase section */
		B4A9EFAD052FCC8038C07637 /* Frameworks */ = {
			isa = PBXFrameworksBuildPhase;
			buildActionMask = 2147483647;
			files = (
				7AA5F6425AC3B7D559251911 /* SpotifyiOS.xcframework in Frameworks */,
			);
			runOnlyForDeploymentPostprocessing = 0;
		};
/* End PBXFrameworksBuildPhase section */

/* Begin PBXGroup section */
		424057534BB4E90265F640CB /* Frameworks */ = {
			isa = PBXGroup;
			children = (
				D355AF5102BD2612701FDD76 /* SpotifyiOS.xcframework */,
			);
			name = Frameworks;
			sourceTree = "<group>";
		};
		7F50778AD37F36BC1B770E09 /* NowPlayingView */ = {
			isa = PBXGroup;
			children = (
				3C5FC21B6E00E28A06E27DE6 /* AppDelegate.swift */,
				943F9CD39F2839BA707B2365 /* Assets.xcassets */,
				BAB70440B8C04FEC0AE2CED6 /* ConnectionStatusIndicatorView.swift */,
				179308437826F759C1976E73 /* ContentCollectionViewController.swift */,
				0544C6B1D1764990F54682F2 /* ContentItemCell.swift */,
				2A3086BCA89A4379B3A2CF79 /* host.entitlements */,
				252C7DE24306CDE0CA9E539E /* Info.plist */,
				56EB15E0A925FF93106A0AD7 /* LaunchScreen.storyboard */,
				EB3D41ECBE18D60B58C59F41 /* Main.storyboard */,
				AE4E9F762B5BA7EC1BCB9B6E /* My-Extensions.swift */,
				75022A141A59AC145AAEED18 /* PlaybackButtonGraphics.swift */,
				C265CC98774B01E3B973EC7F /* SceneDelegate.swift */,
				1570B1956F86C0FD67EC3C94 /* SpeedPickerViewController.swift */,
				FBD271FA06B37AC5E4FE21A6 /* ViewController.swift */,
			);
			path = NowPlayingView;
			sourceTree = "<group>";
		};
		8A66FDC3E4D086122E7624A7 /* Products */ = {
			isa = PBXGroup;
			children = (
				FDFB50C3F533DEFFA619B5DC /* NowPlayingView.app */,
			);
			name = Products;
			sourceTree = "<group>";
		};
		DE7C390FF6CA24CC89D7B791 = {
			isa = PBXGroup;
			children = (
				2A60A82594D90E38A5C94923 /* README.md */,
				7F50778AD37F36BC1B770E09 /* NowPlayingView */,
				424057534BB4E90265F640CB /* Frameworks */,
				8A66FDC3E4D086122E7624A7 /* Products */,
			);
			sourceTree = "<group>";
		};
/* End PBXGroup section */

/* Begin PBXNativeTarget section */
		B9E4CD1B0AADD5EC4DA695DD /* NowPlayingView */ = {
			isa = PBXNativeTarget;
			buildConfigurationList = A8248DE1527329E5E823927B /* Build configuration list for PBXNativeTarget "NowPlayingView" */;
			buildPhases = (
				28162C32155166BD01EDAD04 /* Sources */,
				9E52C30B5299B1C300D508A1 /* Resources */,
				B4A9EFAD052FCC8038C07637 /* Frameworks */,
				8EC849AD51529C914A5C0F8D /* Embed Frameworks */,
			);
			buildRules = (
			);
			dependencies = (
			);
			name = NowPlayingView;
			productName = NowPlayingView;
			productReference = FDFB50C3F533DEFFA619B5DC /* NowPlayingView.app */;
			productType = "com.apple.product-type.application";
		};
/* End PBXNativeTarget section */

/* Begin PBXProject section */
		461BB70475E5774879D635AF /* Project object */ = {
			isa = PBXProject;
			attributes = {
				BuildIndependentTargetsInParallel = YES;
				LastUpgradeCheck = 1430;
				TargetAttributes = {
				};
			};
			buildConfigurationList = 216E1984AAC1EBFB6D2D623E /* Build configuration list for PBXProject "NowPlayingView" */;
			compatibilityVersion = "Xcode 14.0";
			developmentRegion = en;
			hasScannedForEncodings = 0;
			knownRegions = (
				Base,
				en,
			);
			mainGroup = DE7C390FF6CA24CC89D7B791;
			projectDirPath = "";
			projectRoot = "";
			targets = (
				B9E4CD1B0AADD5EC4DA695DD /* NowPlayingView */,
			);
		};
/* End PBXProject section */

/* Begin PBXResourcesBuildPhase section */
		9E52C30B5299B1C300D508A1 /* Resources */ = {
			isa = PBXResourcesBuildPhase;
			buildActionMask = 2147483647;
			files = (
				09B5F63216043DA4C9DFD31F /* Assets.xcassets in Resources */,
				33805C1679456CC49E7A8DAB /* LaunchScreen.storyboard in Resources */,
				1588F843D2DF78D638FDE0D2 /* Main.storyboard in Resources */,
			);
			runOnlyForDeploymentPostprocessing = 0;
		};
/* End PBXResourcesBuildPhase section */

/* Begin PBXSourcesBuildPhase section */
		28162C32155166BD01EDAD04 /* Sources */ = {
			isa = PBXSourcesBuildPhase;
			buildActionMask = 2147483647;
			files = (
				A23ED279FD34913E636E6F44 /* AppDelegate.swift in Sources */,
				9D28E985CF200EB2B83EB73C /* ConnectionStatusIndicatorView.swift in Sources */,
				A3282C1BE2C8BF6BD1C6591D /* ContentCollectionViewController.swift in Sources */,
				73E1A91BCC472B637B58EC07 /* ContentItemCell.swift in Sources */,
				0F14928CFAE8D2675177871D /* My-Extensions.swift in Sources */,
				A226C3ADB7D5A4FCECE7511D /* PlaybackButtonGraphics.swift in Sources */,
				97DE5DD179993A740295A40F /* SceneDelegate.swift in Sources */,
				9827B1FF244E6324559A6EA4 /* SpeedPickerViewController.swift in Sources */,
				6AF569070B746ACB98B15D40 /* ViewController.swift in Sources */,
			);
			runOnlyForDeploymentPostprocessing = 0;
		};
/* End PBXSourcesBuildPhase section */

/* Begin PBXVariantGroup section */
		56EB15E0A925FF93106A0AD7 /* LaunchScreen.storyboard */ = {
			isa = PBXVariantGroup;
			children = (
				B09AF4864600C68BF3ADE00B /* Base */,
			);
			name = LaunchScreen.storyboard;
			sourceTree = "<group>";
		};
		EB3D41ECBE18D60B58C59F41 /* Main.storyboard */ = {
			isa = PBXVariantGroup;
			children = (
				AAA2E0EE42C2E146FC511077 /* Base */,
			);
			name = Main.storyboard;
			sourceTree = "<group>";
		};
/* End PBXVariantGroup section */

/* Begin XCBuildConfiguration section */
		1AFE07E5DE29F138062E3D18 /* Debug */ = {
			isa = XCBuildConfiguration;
			buildSettings = {
				ASSETCATALOG_COMPILER_APPICON_NAME = AppIcon;
				CODE_SIGN_IDENTITY = "iPhone Developer";
				FRAMEWORK_SEARCH_PATHS = (
					"$(inherited)",
					"\"../..\"",
				);
				INFOPLIST_FILE = NowPlayingView/Info.plist;
				IPHONEOS_DEPLOYMENT_TARGET = 13.0;
				LD_RUNPATH_SEARCH_PATHS = (
					"$(inherited)",
					"@executable_path/Frameworks",
				);
				PRODUCT_BUNDLE_IDENTIFIER = com.testappremote;
				SDKROOT = iphoneos;
				TARGETED_DEVICE_FAMILY = "1,2";
			};
			name = Debug;
		};
		7F1E857E967079F4514062D6 /* Debug */ = {
			isa = XCBuildConfiguration;
			buildSettings = {
				ALWAYS_SEARCH_USER_PATHS = NO;
				CLANG_ANALYZER_NONNULL = YES;
				CLANG_ANALYZER_NUMBER_OBJECT_CONVERSION = YES_AGGRESSIVE;
				CLANG_CXX_LANGUAGE_STANDARD = "gnu++14";
				CLANG_CXX_LIBRARY = "libc++";
				CLANG_ENABLE_MODULES = YES;
				CLANG_ENABLE_OBJC_ARC = YES;
				CLANG_ENABLE_OBJC_WEAK = YES;
				CLANG_WARN_BLOCK_CAPTURE_AUTORELEASING = YES;
				CLANG_WARN_BOOL_CONVERSION = YES;
				CLANG_WARN_COMMA = YES;
				CLANG_WARN_CONSTANT_CONVERSION = YES;
				CLANG_WARN_DEPRECATED_OBJC_IMPLEMENTATIONS = YES;
				CLANG_WARN_DIRECT_OBJC_ISA_USAGE = YES_ERROR;
				CLANG_WARN_DOCUMENTATION_COMMENTS = YES;
				CLANG_WARN_EMPTY_BODY = YES;
				CLANG_WARN_ENUM_CONVERSION = YES;
				CLANG_WARN_INFINITE_RECURSION = YES;
				CLANG_WARN_INT_CONVERSION = YES;
				CLANG_WARN_NON_LITERAL_NULL_CONVERSION = YES;
				CLANG_WARN_OBJC_IMPLICIT_RETAIN_SELF = YES;
				CLANG_WARN_OBJC_LITERAL_CONVERSION = YES;
				CLANG_WARN_OBJC_ROOT_CLASS = YES_ERROR;
				CLANG_WARN_QUOTED_INCLUDE_IN_FRAMEWORK_HEADER = YES;
				CLANG_WARN_RANGE_LOOP_ANALYSIS = YES;
				CLANG_WARN_STRICT_PROTOTYPES = YES;
				CLANG_WARN_SUSPICIOUS_MOVE = YES;
				CLANG_WARN_UNGUARDED_AVAILABILITY = YES_AGGRESSIVE;
				CLANG_WARN_UNREACHABLE_CODE = YES;
				CLANG_WARN__DUPLICATE_METHOD_MATCH = YES;
				COPY_PHASE_STRIP = NO;
				DEBUG_INFORMATION_FORMAT = dwarf;
				ENABLE_STRICT_OBJC_MSGSEND = YES;
				ENABLE_TESTABILITY = YES;
				GCC_C_LANGUAGE_STANDARD = gnu11;
				GCC_DYNAMIC_NO_PIC = NO;
				GCC_NO_COMMON_BLOCKS = YES;
				GCC_OPTIMIZATION_LEVEL = 0;
				GCC_PREPROCESSOR_DEFINITIONS = (
					"$(inherited)",
					"DEBUG=1",
				);
				GCC_WARN_64_TO_32_BIT_CONVERSION = YES;
				GCC_WARN_ABOUT_RETURN_TYPE = YES_ERROR;
				GCC_WARN_UNDECLARED_SELECTOR = YES;
				GCC_WARN_UNINITIALIZED_AUTOS = YES_AGGRESSIVE;
				GCC_WARN_UNUSED_FUNCTION = YES;
				GCC_WARN_UNUSED_VARIABLE = YES;
				MTL_ENABLE_DEBUG_INFO = INCLUDE_SOURCE;
				MTL_FAST_MATH = YES;
				ONLY_ACTIVE_ARCH = YES;
				PRODUCT_NAME = "$(TARGET_NAME)";
				SDKROOT = iphoneos;
				SWIFT_ACTIVE_COMPILATION_CONDITIONS = DEBUG;
				SWIFT_OPTIMIZATION_LEVEL = "-Onone";
				SWIFT_VERSION = 5.0;
			};
			name = Debug;
		};
		C036AAF2F9C209C9F3349561 /* Release */ = {
			isa = XCBuildConfiguration;
			buildSettings = {
				ALWAYS_SEARCH_USER_PATHS = NO;
				CLANG_ANALYZER_NONNULL = YES;
				CLANG_ANALYZER_NUMBER_OBJECT_CONVERSION = YES_AGGRESSIVE;
				CLANG_CXX_LANGUAGE_STANDARD = "gnu++14";
				CLANG_CXX_LIBRARY = "libc++";
				CLANG_ENABLE_MODULES = YES;
				CLANG_ENABLE_OBJC_ARC = YES;
				CLANG_ENABLE_OBJC_WEAK = YES;
				CLANG_WARN_BLOCK_CAPTURE_AUTORELEASING = YES;
				CLANG_WARN_BOOL_CONVERSION = YES;
				CLANG_WARN_COMMA = YES;
				CLANG_WARN_CONSTANT_CONVERSION = YES;
				CLANG_WARN_DEPRECATED_OBJC_IMPLEMENTATIONS = YES;
				CLANG_WARN_DIRECT_OBJC_ISA_USAGE = YES_ERROR;
				CLANG_WARN_DOCUMENTATION_COMMENTS = YES;
				CLANG_WARN_EMPTY_BODY = YES;
				CLANG_WARN_ENUM_CONVERSION = YES;
				CLANG_WARN_INFINITE_RECURSION = YES;
				CLANG_WARN_INT_CONVERSION = YES;
				CLANG_WARN_NON_LITERAL_NULL_CONVERSION = YES;
				CLANG_WARN_OBJC_IMPLICIT_RETAIN_SELF = YES;
				CLANG_WARN_OBJC_LITERAL_CONVERSION = YES;
				CLANG_WARN_OBJC_ROOT_CLASS = YES_ERROR;
				CLANG_WARN_QUOTED_INCLUDE_IN_FRAMEWORK_HEADER = YES;
				CLANG_WARN_RANGE_LOOP_ANALYSIS = YES;
				CLANG_WARN_STRICT_PROTOTYPES = YES;
				CLANG_WARN_SUSPICIOUS_MOVE = YES;
				CLANG_WARN_UNGUARDED_AVAILABILITY = YES_AGGRESSIVE;
				CLANG_WARN_UNREACHABLE_CODE = YES;
				CLANG_WARN__DUPLICATE_METHOD_MATCH = YES;
				COPY_PHASE_STRIP = NO;
				DEBUG_INFORMATION_FORMAT = "dwarf-with-dsym";
				ENABLE_NS_ASSERTIONS = NO;
				ENABLE_STRICT_OBJC_MSGSEND = YES;
				GCC_C_LANGUAGE_STANDARD = gnu11;
				GCC_NO_COMMON_BLOCKS = YES;
				GCC_WARN_64_TO_32_BIT_CONVERSION = YES;
				GCC_WARN_ABOUT_RETURN_TYPE = YES_ERROR;
				GCC_WARN_UNDECLARED_SELECTOR = YES;
				GCC_WARN_UNINITIALIZED_AUTOS = YES_AGGRESSIVE;
				GCC_WARN_UNUSED_FUNCTION = YES;
				GCC_WARN_UNUSED_VARIABLE = YES;
				MTL_ENABLE_DEBUG_INFO = NO;
				MTL_FAST_MATH = YES;
				PRODUCT_NAME = "$(TARGET_NAME)";
				SDKROOT = iphoneos;
				SWIFT_COMPILATION_MODE = wholemodule;
				SWIFT_OPTIMIZATION_LEVEL = "-O";
				SWIFT_VERSION = 5.0;
			};
			name = Release;
		};
		FFB26F2EF4C87975FB63EED5 /* Release */ = {
			isa = XCBuildConfiguration;
			buildSettings = {
				ASSETCATALOG_COMPILER_APPICON_NAME = AppIcon;
				CODE_SIGN_IDENTITY = "iPhone Developer";
				FRAMEWORK_SEARCH_PATHS = (
					"$(inherited)",
					"\"../..\"",
				);
				INFOPLIST_FILE = NowPlayingView/Info.plist;
				IPHONEOS_DEPLOYMENT_TARGET = 13.0;
				LD_RUNPATH_SEARCH_PATHS = (
					"$(inherited)",
					"@executable_path/Frameworks",
				);
				PRODUCT_BUNDLE_IDENTIFIER = com.testappremote;
				SDKROOT = iphoneos;
				TARGETED_DEVICE_FAMILY = "1,2";
			};
			name = Release;
		};
/* End XCBuildConfiguration section */

/* Begin XCConfigurationList section */
		216E1984AAC1EBFB6D2D623E /* Build configuration list for PBXProject "NowPlayingView" */ = {
			isa = XCConfigurationList;
			buildConfigurations = (
				7F1E857E967079F4514062D6 /* Debug */,
				C036AAF2F9C209C9F3349561 /* Release */,
			);
			defaultConfigurationIsVisible = 0;
			defaultConfigurationName = Debug;
		};
		A8248DE1527329E5E823927B /* Build configuration list for PBXNativeTarget "NowPlayingView" */ = {
			isa = XCConfigurationList;
			buildConfigurations = (
				1AFE07E5DE29F138062E3D18 /* Debug */,
				FFB26F2EF4C87975FB63EED5 /* Release */,
			);
			defaultConfigurationIsVisible = 0;
			defaultConfigurationName = Debug;
		};
/* End XCConfigurationList section */
	};
	rootObject = 461BB70475E5774879D635AF /* Project object */;
}
