// !$*UTF8*$!
{
	archiveVersion = 1;
	classes = {
	};
	objectVersion = 54;
	objects = {

/* Begin PBXBuildFile section */
		0E5506B796404614EC4F08E0 /* SpotifyiOS.xcframework in Frameworks */ = {isa = PBXBuildFile; fileRef = 34294295A79EEDF3C462EF5F /* SpotifyiOS.xcframework */; };
		29A616EE7631491F0E48D58A /* LaunchScreen.storyboard in Resources */ = {isa = PBXBuildFile; fileRef = A68CC4CB2B704CE7A458A272 /* LaunchScreen.storyboard */; };
		5480A5E6075753EFF7F4210F /* ConnectButton.swift in Sources */ = {isa = PBXBuildFile; fileRef = ADA1F497B1CD0F39B48C0CCE /* ConnectButton.swift */; };
		C00DE8DA2AC7F9B4F36BD6E4 /* Assets.xcassets in Resources */ = {isa = PBXBuildFile; fileRef = BC9FA330DC6A6EFDD3F34C46 /* Assets.xcassets */; };
		C3BB036A66C249CFF4ACF989 /* ViewController.swift in Sources */ = {isa = PBXBuildFile; fileRef = 0E6E95F085EAECC1B22122E6 /* ViewController.swift */; };
		CFB19105D828CAA7FAB75C68 /* AppDelegate.swift in Sources */ = {isa = PBXBuildFile; fileRef = A6EF47FCC24CCF50AE4E99AF /* AppDelegate.swift */; };
		D1592E4A025E967EACFFC21F /* SpotifyiOS.xcframework in Embed Frameworks */ = {isa = PBXBuildFile; fileRef = 34294295A79EEDF3C462EF5F /* SpotifyiOS.xcframework */; settings = {ATTRIBUTES = (CodeSignOnCopy, RemoveHeadersOnCopy, ); }; };
/* End PBXBuildFile section */

/* Begin PBXCopyFilesBuildPhase section */
		1F8FEAD45A09D16FF89FEFCD /* Embed Frameworks */ = {
			isa = PBXCopyFilesBuildPhase;
			buildActionMask = 2147483647;
			dstPath = "";
			dstSubfolderSpec = 10;
			files = (
				D1592E4A025E967EACFFC21F /* SpotifyiOS.xcframework in Embed Frameworks */,
			);
			name = "Embed Frameworks";
			runOnlyForDeploymentPostprocessing = 0;
		};
/* End PBXCopyFilesBuildPhase section */

/* Begin PBXFileReference section */
		0E50481F057752FE179D59F8 /* Info.plist */ = {isa = PBXFileReference; lastKnownFileType = text.plist; path = Info.plist; sourceTree = "<group>"; };
		0E6E95F085EAECC1B22122E6 /* ViewController.swift */ = {isa = PBXFileReference; lastKnownFileType = sourcecode.swift; path = ViewController.swift; sourceTree = "<group>"; };
		34294295A79EEDF3C462EF5F /* SpotifyiOS.xcframework */ = {isa = PBXFileReference; lastKnownFileType = wrapper.xcframework; name = SpotifyiOS.xcframework; path = ../../SpotifyiOS.xcframework; sourceTree = "<group>"; };
		621A968B80156C64663B877D /* Base */ = {isa = PBXFileReference; lastKnownFileType = file.storyboard; name = Base; path = Base.lproj/LaunchScreen.storyboard; sourceTree = "<group>"; };
		A6EF47FCC24CCF50AE4E99AF /* AppDelegate.swift */ = {isa = PBXFileReference; lastKnownFileType = sourcecode.swift; path = AppDelegate.swift; sourceTree = "<group>"; };
		ADA1F497B1CD0F39B48C0CCE /* ConnectButton.swift */ = {isa = PBXFileReference; lastKnownFileType = sourcecode.swift; path = ConnectButton.swift; sourceTree = "<group>"; };
		BC9FA330DC6A6EFDD3F34C46 /* Assets.xcassets */ = {isa = PBXFileReference; lastKnownFileType = folder.assetcatalog; path = Assets.xcassets; sourceTree = "<group>"; };
		F4692622C90BD0BE25996E73 /* SPTLoginSampleAppSwift.app */ = {isa = PBXFileReference; includeInIndex = 0; lastKnownFileType = wrapper.application; path = SPTLoginSampleAppSwift.app; sourceTree = BUILT_PRODUCTS_DIR; };
/* End PBXFileReference section */

/* Begin PBXFrameworksBuildPhase section */
		C64F3AA09BC9983C4F9F77C4 /* Frameworks */ = {
			isa = PBXFrameworksBuildPhase;
			buildActionMask = 2147483647;
			files = (
				0E5506B796404614EC4F08E0 /* SpotifyiOS.xcframework in Frameworks */,
			);
			runOnlyForDeploymentPostprocessing = 0;
		};
/* End PBXFrameworksBuildPhase section */

/* Begin PBXGroup section */
		02A475173E05A595B33826A1 /* SPTLoginSampleAppSwift */ = {
			isa = PBXGroup;
			children = (
				A6EF47FCC24CCF50AE4E99AF /* AppDelegate.swift */,
				BC9FA330DC6A6EFDD3F34C46 /* Assets.xcassets */,
				ADA1F497B1CD0F39B48C0CCE /* ConnectButton.swift */,
				0E50481F057752FE179D59F8 /* Info.plist */,
				A68CC4CB2B704CE7A458A272 /* LaunchScreen.storyboard */,
				0E6E95F085EAECC1B22122E6 /* ViewController.swift */,
			);
			path = SPTLoginSampleAppSwift;
			sourceTree = "<group>";
		};
		06BE53768C08A96808547B04 /* Products */ = {
			isa = PBXGroup;
			children = (
				F4692622C90BD0BE25996E73 /* SPTLoginSampleAppSwift.app */,
			);
			name = Products;
			sourceTree = "<group>";
		};
		B5FD5071A6BABD186581140B = {
			isa = PBXGroup;
			children = (
				02A475173E05A595B33826A1 /* SPTLoginSampleAppSwift */,
				C0DC421CE4006FBB46D645D1 /* Frameworks */,
				06BE53768C08A96808547B04 /* Products */,
			);
			sourceTree = "<group>";
		};
		C0DC421CE4006FBB46D645D1 /* Frameworks */ = {
			isa = PBXGroup;
			children = (
				34294295A79EEDF3C462EF5F /* SpotifyiOS.xcframework */,
			);
			name = Frameworks;
			sourceTree = "<group>";
		};
/* End PBXGroup section */

/* Begin PBXNativeTarget section */
		D011B7E5EDDCAEBC0D224F8F /* SPTLoginSampleAppSwift */ = {
			isa = PBXNativeTarget;
			buildConfigurationList = DC1B16640B2486A5A622E83C /* Build configuration list for PBXNativeTarget "SPTLoginSampleAppSwift" */;
			buildPhases = (
				E808A056EB71A6D408D84AB3 /* Sources */,
				4A681A9989391C4E12418F26 /* Resources */,
				C64F3AA09BC9983C4F9F77C4 /* Frameworks */,
				1F8FEAD45A09D16FF89FEFCD /* Embed Frameworks */,
			);
			buildRules = (
			);
			dependencies = (
			);
			name = SPTLoginSampleAppSwift;
			productName = SPTLoginSampleAppSwift;
			productReference = F4692622C90BD0BE25996E73 /* SPTLoginSampleAppSwift.app */;
			productType = "com.apple.product-type.application";
		};
/* End PBXNativeTarget section */

/* Begin PBXProject section */
		75852633476D3A0A2464CDF1 /* Project object */ = {
			isa = PBXProject;
			attributes = {
				BuildIndependentTargetsInParallel = YES;
				LastUpgradeCheck = 1430;
				TargetAttributes = {
				};
			};
			buildConfigurationList = 0AF12CCC930B2CF6147A9A82 /* Build configuration list for PBXProject "SPTLoginSampleAppSwift" */;
			compatibilityVersion = "Xcode 14.0";
			developmentRegion = en;
			hasScannedForEncodings = 0;
			knownRegions = (
				Base,
				en,
			);
			mainGroup = B5FD5071A6BABD186581140B;
			projectDirPath = "";
			projectRoot = "";
			targets = (
				D011B7E5EDDCAEBC0D224F8F /* SPTLoginSampleAppSwift */,
			);
		};
/* End PBXProject section */

/* Begin PBXResourcesBuildPhase section */
		4A681A9989391C4E12418F26 /* Resources */ = {
			isa = PBXResourcesBuildPhase;
			buildActionMask = 2147483647;
			files = (
				C00DE8DA2AC7F9B4F36BD6E4 /* Assets.xcassets in Resources */,
				29A616EE7631491F0E48D58A /* LaunchScreen.storyboard in Resources */,
			);
			runOnlyForDeploymentPostprocessing = 0;
		};
/* End PBXResourcesBuildPhase section */

/* Begin PBXSourcesBuildPhase section */
		E808A056EB71A6D408D84AB3 /* Sources */ = {
			isa = PBXSourcesBuildPhase;
			buildActionMask = 2147483647;
			files = (
				CFB19105D828CAA7FAB75C68 /* AppDelegate.swift in Sources */,
				5480A5E6075753EFF7F4210F /* ConnectButton.swift in Sources */,
				C3BB036A66C249CFF4ACF989 /* ViewController.swift in Sources */,
			);
			runOnlyForDeploymentPostprocessing = 0;
		};
/* End PBXSourcesBuildPhase section */

/* Begin PBXVariantGroup section */
		A68CC4CB2B704CE7A458A272 /* LaunchScreen.storyboard */ = {
			isa = PBXVariantGroup;
			children = (
				621A968B80156C64663B877D /* Base */,
			);
			name = LaunchScreen.storyboard;
			sourceTree = "<group>";
		};
/* End PBXVariantGroup section */

/* Begin XCBuildConfiguration section */
		14C4E0F42BB76AC2EDA7F092 /* Release */ = {
			isa = XCBuildConfiguration;
			buildSettings = {
				ASSETCATALOG_COMPILER_APPICON_NAME = AppIcon;
				CODE_SIGN_IDENTITY = "iPhone Developer";
				FRAMEWORK_SEARCH_PATHS = (
					"$(inherited)",
					"\"../..\"",
				);
				INFOPLIST_FILE = SPTLoginSampleAppSwift/Info.plist;
				IPHONEOS_DEPLOYMENT_TARGET = 13.0;
				LD_RUNPATH_SEARCH_PATHS = (
					"$(inherited)",
					"@executable_path/Frameworks",
				);
				PRODUCT_BUNDLE_IDENTIFIER = com.spotify.SPTLoginSampleAppSwift;
				SDKROOT = iphoneos;
				TARGETED_DEVICE_FAMILY = "1,2";
			};
			name = Release;
		};
		43597A5B5FCD11F5DA7BC64E /* Debug */ = {
			isa = XCBuildConfiguration;
			buildSettings = {
				ALWAYS_SEARCH_USER_PATHS = NO;
				CLANG_ANALYZER_NONNULL = YES;
				CLANG_ANALYZER_NUMBER_OBJECT_CONVERSION = YES_AGGRESSIVE;
				CLANG_CXX_LANGUAGE_STANDARD = "gnu++14";
				CLANG_CXX_LIBRARY = "libc++";
				CLANG_ENABLE_MODULES = YES;
				CLANG_ENABLE_OBJC_ARC = YES;
				CLANG_ENABLE_OBJC_WEAK = YES;
				CLANG_WARN_BLOCK_CAPTURE_AUTORELEASING = YES;
				CLANG_WARN_BOOL_CONVERSION = YES;
				CLANG_WARN_COMMA = YES;
				CLANG_WARN_CONSTANT_CONVERSION = YES;
				CLANG_WARN_DEPRECATED_OBJC_IMPLEMENTATIONS = YES;
				CLANG_WARN_DIRECT_OBJC_ISA_USAGE = YES_ERROR;
				CLANG_WARN_DOCUMENTATION_COMMENTS = YES;
				CLANG_WARN_EMPTY_BODY = YES;
				CLANG_WARN_ENUM_CONVERSION = YES;
				CLANG_WARN_INFINITE_RECURSION = YES;
				CLANG_WARN_INT_CONVERSION = YES;
				CLANG_WARN_NON_LITERAL_NULL_CONVERSION = YES;
				CLANG_WARN_OBJC_IMPLICIT_RETAIN_SELF = YES;
				CLANG_WARN_OBJC_LITERAL_CONVERSION = YES;
				CLANG_WARN_OBJC_ROOT_CLASS = YES_ERROR;
				CLANG_WARN_QUOTED_INCLUDE_IN_FRAMEWORK_HEADER = YES;
				CLANG_WARN_RANGE_LOOP_ANALYSIS = YES;
				CLANG_WARN_STRICT_PROTOTYPES = YES;
				CLANG_WARN_SUSPICIOUS_MOVE = YES;
				CLANG_WARN_UNGUARDED_AVAILABILITY = YES_AGGRESSIVE;
				CLANG_WARN_UNREACHABLE_CODE = YES;
				CLANG_WARN__DUPLICATE_METHOD_MATCH = YES;
				COPY_PHASE_STRIP = NO;
				DEBUG_INFORMATION_FORMAT = dwarf;
				ENABLE_STRICT_OBJC_MSGSEND = YES;
				ENABLE_TESTABILITY = YES;
				GCC_C_LANGUAGE_STANDARD = gnu11;
				GCC_DYNAMIC_NO_PIC = NO;
				GCC_NO_COMMON_BLOCKS = YES;
				GCC_OPTIMIZATION_LEVEL = 0;
				GCC_PREPROCESSOR_DEFINITIONS = (
					"$(inherited)",
					"DEBUG=1",
				);
				GCC_WARN_64_TO_32_BIT_CONVERSION = YES;
				GCC_WARN_ABOUT_RETURN_TYPE = YES_ERROR;
				GCC_WARN_UNDECLARED_SELECTOR = YES;
				GCC_WARN_UNINITIALIZED_AUTOS = YES_AGGRESSIVE;
				GCC_WARN_UNUSED_FUNCTION = YES;
				GCC_WARN_UNUSED_VARIABLE = YES;
				MTL_ENABLE_DEBUG_INFO = INCLUDE_SOURCE;
				MTL_FAST_MATH = YES;
				ONLY_ACTIVE_ARCH = YES;
				PRODUCT_NAME = "$(TARGET_NAME)";
				SDKROOT = iphoneos;
				SWIFT_ACTIVE_COMPILATION_CONDITIONS = DEBUG;
				SWIFT_OPTIMIZATION_LEVEL = "-Onone";
				SWIFT_VERSION = 5.0;
			};
			name = Debug;
		};
		C562A9ED0F73A09B55878D40 /* Debug */ = {
			isa = XCBuildConfiguration;
			buildSettings = {
				ASSETCATALOG_COMPILER_APPICON_NAME = AppIcon;
				CODE_SIGN_IDENTITY = "iPhone Developer";
				FRAMEWORK_SEARCH_PATHS = (
					"$(inherited)",
					"\"../..\"",
				);
				INFOPLIST_FILE = SPTLoginSampleAppSwift/Info.plist;
				IPHONEOS_DEPLOYMENT_TARGET = 13.0;
				LD_RUNPATH_SEARCH_PATHS = (
					"$(inherited)",
					"@executable_path/Frameworks",
				);
				PRODUCT_BUNDLE_IDENTIFIER = com.spotify.SPTLoginSampleAppSwift;
				SDKROOT = iphoneos;
				TARGETED_DEVICE_FAMILY = "1,2";
			};
			name = Debug;
		};
		F803EF0064E686AD5C35C1FE /* Release */ = {
			isa = XCBuildConfiguration;
			buildSettings = {
				ALWAYS_SEARCH_USER_PATHS = NO;
				CLANG_ANALYZER_NONNULL = YES;
				CLANG_ANALYZER_NUMBER_OBJECT_CONVERSION = YES_AGGRESSIVE;
				CLANG_CXX_LANGUAGE_STANDARD = "gnu++14";
				CLANG_CXX_LIBRARY = "libc++";
				CLANG_ENABLE_MODULES = YES;
				CLANG_ENABLE_OBJC_ARC = YES;
				CLANG_ENABLE_OBJC_WEAK = YES;
				CLANG_WARN_BLOCK_CAPTURE_AUTORELEASING = YES;
				CLANG_WARN_BOOL_CONVERSION = YES;
				CLANG_WARN_COMMA = YES;
				CLANG_WARN_CONSTANT_CONVERSION = YES;
				CLANG_WARN_DEPRECATED_OBJC_IMPLEMENTATIONS = YES;
				CLANG_WARN_DIRECT_OBJC_ISA_USAGE = YES_ERROR;
				CLANG_WARN_DOCUMENTATION_COMMENTS = YES;
				CLANG_WARN_EMPTY_BODY = YES;
				CLANG_WARN_ENUM_CONVERSION = YES;
				CLANG_WARN_INFINITE_RECURSION = YES;
				CLANG_WARN_INT_CONVERSION = YES;
				CLANG_WARN_NON_LITERAL_NULL_CONVERSION = YES;
				CLANG_WARN_OBJC_IMPLICIT_RETAIN_SELF = YES;
				CLANG_WARN_OBJC_LITERAL_CONVERSION = YES;
				CLANG_WARN_OBJC_ROOT_CLASS = YES_ERROR;
				CLANG_WARN_QUOTED_INCLUDE_IN_FRAMEWORK_HEADER = YES;
				CLANG_WARN_RANGE_LOOP_ANALYSIS = YES;
				CLANG_WARN_STRICT_PROTOTYPES = YES;
				CLANG_WARN_SUSPICIOUS_MOVE = YES;
				CLANG_WARN_UNGUARDED_AVAILABILITY = YES_AGGRESSIVE;
				CLANG_WARN_UNREACHABLE_CODE = YES;
				CLANG_WARN__DUPLICATE_METHOD_MATCH = YES;
				COPY_PHASE_STRIP = NO;
				DEBUG_INFORMATION_FORMAT = "dwarf-with-dsym";
				ENABLE_NS_ASSERTIONS = NO;
				ENABLE_STRICT_OBJC_MSGSEND = YES;
				GCC_C_LANGUAGE_STANDARD = gnu11;
				GCC_NO_COMMON_BLOCKS = YES;
				GCC_WARN_64_TO_32_BIT_CONVERSION = YES;
				GCC_WARN_ABOUT_RETURN_TYPE = YES_ERROR;
				GCC_WARN_UNDECLARED_SELECTOR = YES;
				GCC_WARN_UNINITIALIZED_AUTOS = YES_AGGRESSIVE;
				GCC_WARN_UNUSED_FUNCTION = YES;
				GCC_WARN_UNUSED_VARIABLE = YES;
				MTL_ENABLE_DEBUG_INFO = NO;
				MTL_FAST_MATH = YES;
				PRODUCT_NAME = "$(TARGET_NAME)";
				SDKROOT = iphoneos;
				SWIFT_COMPILATION_MODE = wholemodule;
				SWIFT_OPTIMIZATION_LEVEL = "-O";
				SWIFT_VERSION = 5.0;
			};
			name = Release;
		};
/* End XCBuildConfiguration section */

/* Begin XCConfigurationList section */
		0AF12CCC930B2CF6147A9A82 /* Build configuration list for PBXProject "SPTLoginSampleAppSwift" */ = {
			isa = XCConfigurationList;
			buildConfigurations = (
				43597A5B5FCD11F5DA7BC64E /* Debug */,
				F803EF0064E686AD5C35C1FE /* Release */,
			);
			defaultConfigurationIsVisible = 0;
			defaultConfigurationName = Debug;
		};
		DC1B16640B2486A5A622E83C /* Build configuration list for PBXNativeTarget "SPTLoginSampleAppSwift" */ = {
			isa = XCConfigurationList;
			buildConfigurations = (
				C562A9ED0F73A09B55878D40 /* Debug */,
				14C4E0F42BB76AC2EDA7F092 /* Release */,
			);
			defaultConfigurationIsVisible = 0;
			defaultConfigurationName = Debug;
		};
/* End XCConfigurationList section */
	};
	rootObject = 75852633476D3A0A2464CDF1 /* Project object */;
}
